
Microsoft Visual Studio Solution File, Format Version 12.00
# Visual Studio 15
Project("{FAE04EC0-301F-11D3-BF4B-00C04F79EFBC}") = "FanSite", "FanSite\FanSite.csproj", "{877DCB31-3F2F-4384-ADAF-28A9191A4212}"
EndProject
Project("{FAE04EC0-301F-11D3-BF4B-00C04F79EFBC}") = "FanSite.Tests", "FanSite.Tests\FanSite.Tests.csproj", "{7ADF9B68-3C55-4DD2-97B3-101BE0AE7116}"
EndProject
Global
	GlobalSection(SolutionConfigurationPlatforms) = preSolution
		Debug|Any CPU = Debug|Any CPU
		Release|Any CPU = Release|Any CPU
	EndGlobalSection
	GlobalSection(ProjectConfigurationPlatforms) = postSolution
		{877DCB31-3F2F-4384-ADAF-28A9191A4212}.Debug|Any CPU.ActiveCfg = Debug|Any CPU
		{877DCB31-3F2F-4384-ADAF-28A9191A4212}.Debug|Any CPU.Build.0 = Debug|Any CPU
		{877DCB31-3F2F-4384-ADAF-28A9191A4212}.Release|Any CPU.ActiveCfg = Release|Any CPU
		{877DCB31-3F2F-4384-ADAF-28A9191A4212}.Release|Any CPU.Build.0 = Release|Any CPU
		{7ADF9B68-3C55-4DD2-97B3-101BE0AE7116}.Debug|Any CPU.ActiveCfg = Debug|Any CPU
		{7ADF9B68-3C55-4DD2-97B3-101BE0AE7116}.Debug|Any CPU.Build.0 = Debug|Any CPU
		{7ADF9B68-3C55-4DD2-97B3-101BE0AE7116}.Release|Any CPU.ActiveCfg = Release|Any CPU
		{7ADF9B68-3C55-4DD2-97B3-101BE0AE7116}.Release|Any CPU.Build.0 = Release|Any CPU
	EndGlobalSection
EndGlobal
