
Microsoft Visual Studio Solution File, Format Version 12.00
# Visual Studio 15
Project("{FAE04EC0-301F-11D3-BF4B-00C04F79EFBC}") = "TutorForum", "TutorForum\TutorForum.csproj", "{ED3E7931-4EC8-4D2C-994D-3ED9E237CE84}"
EndProject
Project("{FAE04EC0-301F-11D3-BF4B-00C04F79EFBC}") = "TutorForum.Tests", "TutorForum.Tests\TutorForum.Tests.csproj", "{64E4B384-E87F-40F4-88AD-7254BF0A4537}"
EndProject
Global
	GlobalSection(SolutionConfigurationPlatforms) = preSolution
		Debug|Any CPU = Debug|Any CPU
		Release|Any CPU = Release|Any CPU
	EndGlobalSection
	GlobalSection(ProjectConfigurationPlatforms) = postSolution
		{ED3E7931-4EC8-4D2C-994D-3ED9E237CE84}.Debug|Any CPU.ActiveCfg = Debug|Any CPU
		{ED3E7931-4EC8-4D2C-994D-3ED9E237CE84}.Debug|Any CPU.Build.0 = Debug|Any CPU
		{ED3E7931-4EC8-4D2C-994D-3ED9E237CE84}.Release|Any CPU.ActiveCfg = Release|Any CPU
		{ED3E7931-4EC8-4D2C-994D-3ED9E237CE84}.Release|Any CPU.Build.0 = Release|Any CPU
		{64E4B384-E87F-40F4-88AD-7254BF0A4537}.Debug|Any CPU.ActiveCfg = Debug|Any CPU
		{64E4B384-E87F-40F4-88AD-7254BF0A4537}.Debug|Any CPU.Build.0 = Debug|Any CPU
		{64E4B384-E87F-40F4-88AD-7254BF0A4537}.Release|Any CPU.ActiveCfg = Release|Any CPU
		{64E4B384-E87F-40F4-88AD-7254BF0A4537}.Release|Any CPU.Build.0 = Release|Any CPU
	EndGlobalSection
EndGlobal
